
Microsoft Visual Studio Solution File, Format Version 12.00
# Visual Studio Version 17
VisualStudioVersion = 17.14.36429.23 d17.14
MinimumVisualStudioVersion = 10.0.40219.1
Project("{FAE04EC0-301F-11D3-BF4B-00C04F79EFBC}") = "Group Project", "Group Project.csproj", "{B224A4C5-A6D5-4BA2-87A0-BB3C8B100A2F}"
EndProject
Global
	GlobalSection(SolutionConfigurationPlatforms) = preSolution
		Debug|Any CPU = Debug|Any CPU
		Release|Any CPU = Release|Any CPU
	EndGlobalSection
	GlobalSection(ProjectConfigurationPlatforms) = postSolution
		{B224A4C5-A6D5-4BA2-87A0-BB3C8B100A2F}.Debug|Any CPU.ActiveCfg = Debug|Any CPU
		{B224A4C5-A6D5-4BA2-87A0-BB3C8B100A2F}.Debug|Any CPU.Build.0 = Debug|Any CPU
		{B224A4C5-A6D5-4BA2-87A0-BB3C8B100A2F}.Release|Any CPU.ActiveCfg = Release|Any CPU
		{B224A4C5-A6D5-4BA2-87A0-BB3C8B100A2F}.Release|Any CPU.Build.0 = Release|Any CPU
	EndGlobalSection
	GlobalSection(SolutionProperties) = preSolution
		HideSolutionNode = FALSE
	EndGlobalSection
	GlobalSection(ExtensibilityGlobals) = postSolution
		SolutionGuid = {8F6FD061-CC02-4B7E-A327-AF32ACADBFF9}
	EndGlobalSection
EndGlobal
